
Microsoft Visual Studio Solution File, Format Version 12.00
# Visual Studio 15
VisualStudioVersion = 15.0.27428.2011
MinimumVisualStudioVersion = 10.0.40219.1
Project("{FAE04EC0-301F-11D3-BF4B-00C04F79EFBC}") = "D3DBasic", "D3DBasic\D3DBasic.csproj", "{38B59276-45E0-49C2-B1F0-DC5A975C8758}"
EndProject
Project("{FAE04EC0-301F-11D3-BF4B-00C04F79EFBC}") = "Direct3D11_1", "Direct3D11_1\Direct3D11_1.csproj", "{2F2573AA-1975-4E64-AAEA-4E83BCCFA1F6}"
EndProject
Project("{FAE04EC0-301F-11D3-BF4B-00C04F79EFBC}") = "Direct3D11_2", "Direct3D11_2\Direct3D11_2.csproj", "{EE7EB9EC-94AE-43DF-B74B-4C412FA00B15}"
EndProject
Project("{FAE04EC0-301F-11D3-BF4B-00C04F79EFBC}") = "Direct3D_Debug", "Direct3D_Debug\Direct3D_Debug.csproj", "{FF814F1B-E6AB-468D-9C78-20D38EF03ACE}"
EndProject
Project("{FAE04EC0-301F-11D3-BF4B-00C04F79EFBC}") = "Common", "Common\Common.csproj", "{939D8319-6E32-4700-BE9F-C1D079F57DDD}"
EndProject
Project("{FAE04EC0-301F-11D3-BF4B-00C04F79EFBC}") = "Direct3D11_RenderingPrimitives", "Direct3D11_RenderingPrimitives\Direct3D11_RenderingPrimitives.csproj", "{6C1287B4-E5F9-4CA5-95EB-A48117F9CB4D}"
EndProject
Project("{FAE04EC0-301F-11D3-BF4B-00C04F79EFBC}") = "Direct3D11_RenderingPrimitivesInput", "Direct3D11_RenderingPrimitivesInput\Direct3D11_RenderingPrimitivesInput.csproj", "{9045458F-8635-408D-99FB-7A61D1E27979}"
EndProject
Project("{FAE04EC0-301F-11D3-BF4B-00C04F79EFBC}") = "Direct3D11_RenderingTexture", "Direct3D11_RenderingTexture\Direct3D11_RenderingTexture.csproj", "{CDF6FFEE-4D85-46B6-94A0-F0AEC2B3A44D}"
EndProject
Project("{FAE04EC0-301F-11D3-BF4B-00C04F79EFBC}") = "Direct3D11_RenderingCubeAndSphere", "Direct3D11_RenderingCubeAndSphere\Direct3D11_RenderingCubeAndSphere.csproj", "{8F3B07FD-D896-418C-B416-EE464B647C94}"
EndProject
Project("{FAE04EC0-301F-11D3-BF4B-00C04F79EFBC}") = "Direct3D11_RenderingMaterialAndLight", "Direct3D11_RenderingMaterialAndLight\Direct3D11_RenderingMaterialAndLight.csproj", "{C1B5C8B0-6DEA-4DA5-83DC-DD811432AE1B}"
EndProject
Project("{FAE04EC0-301F-11D3-BF4B-00C04F79EFBC}") = "Direct3D11_RenderingCubeTexture", "Direct3D11_RenderingCubeTexture\Direct3D11_RenderingCubeTexture.csproj", "{53C802F1-F41D-4D6D-BB05-7333DA691591}"
EndProject
Project("{FAE04EC0-301F-11D3-BF4B-00C04F79EFBC}") = "Direct3D11_LoadMesh", "Direct3D11_LoadMesh\Direct3D11_LoadMesh.csproj", "{B136C848-C653-4778-89F4-B5C900B2D0B2}"
EndProject
Global
	GlobalSection(SolutionConfigurationPlatforms) = preSolution
		Debug|Any CPU = Debug|Any CPU
		Release|Any CPU = Release|Any CPU
	EndGlobalSection
	GlobalSection(ProjectConfigurationPlatforms) = postSolution
		{38B59276-45E0-49C2-B1F0-DC5A975C8758}.Debug|Any CPU.ActiveCfg = Debug|Any CPU
		{38B59276-45E0-49C2-B1F0-DC5A975C8758}.Debug|Any CPU.Build.0 = Debug|Any CPU
		{38B59276-45E0-49C2-B1F0-DC5A975C8758}.Release|Any CPU.ActiveCfg = Release|Any CPU
		{38B59276-45E0-49C2-B1F0-DC5A975C8758}.Release|Any CPU.Build.0 = Release|Any CPU
		{2F2573AA-1975-4E64-AAEA-4E83BCCFA1F6}.Debug|Any CPU.ActiveCfg = Debug|Any CPU
		{2F2573AA-1975-4E64-AAEA-4E83BCCFA1F6}.Debug|Any CPU.Build.0 = Debug|Any CPU
		{2F2573AA-1975-4E64-AAEA-4E83BCCFA1F6}.Release|Any CPU.ActiveCfg = Release|Any CPU
		{2F2573AA-1975-4E64-AAEA-4E83BCCFA1F6}.Release|Any CPU.Build.0 = Release|Any CPU
		{EE7EB9EC-94AE-43DF-B74B-4C412FA00B15}.Debug|Any CPU.ActiveCfg = Debug|Any CPU
		{EE7EB9EC-94AE-43DF-B74B-4C412FA00B15}.Debug|Any CPU.Build.0 = Debug|Any CPU
		{EE7EB9EC-94AE-43DF-B74B-4C412FA00B15}.Release|Any CPU.ActiveCfg = Release|Any CPU
		{EE7EB9EC-94AE-43DF-B74B-4C412FA00B15}.Release|Any CPU.Build.0 = Release|Any CPU
		{FF814F1B-E6AB-468D-9C78-20D38EF03ACE}.Debug|Any CPU.ActiveCfg = Debug|Any CPU
		{FF814F1B-E6AB-468D-9C78-20D38EF03ACE}.Debug|Any CPU.Build.0 = Debug|Any CPU
		{FF814F1B-E6AB-468D-9C78-20D38EF03ACE}.Release|Any CPU.ActiveCfg = Release|Any CPU
		{FF814F1B-E6AB-468D-9C78-20D38EF03ACE}.Release|Any CPU.Build.0 = Release|Any CPU
		{939D8319-6E32-4700-BE9F-C1D079F57DDD}.Debug|Any CPU.ActiveCfg = Debug|Any CPU
		{939D8319-6E32-4700-BE9F-C1D079F57DDD}.Debug|Any CPU.Build.0 = Debug|Any CPU
		{939D8319-6E32-4700-BE9F-C1D079F57DDD}.Release|Any CPU.ActiveCfg = Release|Any CPU
		{939D8319-6E32-4700-BE9F-C1D079F57DDD}.Release|Any CPU.Build.0 = Release|Any CPU
		{6C1287B4-E5F9-4CA5-95EB-A48117F9CB4D}.Debug|Any CPU.ActiveCfg = Debug|Any CPU
		{6C1287B4-E5F9-4CA5-95EB-A48117F9CB4D}.Debug|Any CPU.Build.0 = Debug|Any CPU
		{6C1287B4-E5F9-4CA5-95EB-A48117F9CB4D}.Release|Any CPU.ActiveCfg = Release|Any CPU
		{6C1287B4-E5F9-4CA5-95EB-A48117F9CB4D}.Release|Any CPU.Build.0 = Release|Any CPU
		{9045458F-8635-408D-99FB-7A61D1E27979}.Debug|Any CPU.ActiveCfg = Debug|Any CPU
		{9045458F-8635-408D-99FB-7A61D1E27979}.Debug|Any CPU.Build.0 = Debug|Any CPU
		{9045458F-8635-408D-99FB-7A61D1E27979}.Release|Any CPU.ActiveCfg = Release|Any CPU
		{9045458F-8635-408D-99FB-7A61D1E27979}.Release|Any CPU.Build.0 = Release|Any CPU
		{CDF6FFEE-4D85-46B6-94A0-F0AEC2B3A44D}.Debug|Any CPU.ActiveCfg = Debug|Any CPU
		{CDF6FFEE-4D85-46B6-94A0-F0AEC2B3A44D}.Debug|Any CPU.Build.0 = Debug|Any CPU
		{CDF6FFEE-4D85-46B6-94A0-F0AEC2B3A44D}.Release|Any CPU.ActiveCfg = Release|Any CPU
		{CDF6FFEE-4D85-46B6-94A0-F0AEC2B3A44D}.Release|Any CPU.Build.0 = Release|Any CPU
		{8F3B07FD-D896-418C-B416-EE464B647C94}.Debug|Any CPU.ActiveCfg = Debug|Any CPU
		{8F3B07FD-D896-418C-B416-EE464B647C94}.Debug|Any CPU.Build.0 = Debug|Any CPU
		{8F3B07FD-D896-418C-B416-EE464B647C94}.Release|Any CPU.ActiveCfg = Release|Any CPU
		{8F3B07FD-D896-418C-B416-EE464B647C94}.Release|Any CPU.Build.0 = Release|Any CPU
		{C1B5C8B0-6DEA-4DA5-83DC-DD811432AE1B}.Debug|Any CPU.ActiveCfg = Debug|Any CPU
		{C1B5C8B0-6DEA-4DA5-83DC-DD811432AE1B}.Debug|Any CPU.Build.0 = Debug|Any CPU
		{C1B5C8B0-6DEA-4DA5-83DC-DD811432AE1B}.Release|Any CPU.ActiveCfg = Release|Any CPU
		{C1B5C8B0-6DEA-4DA5-83DC-DD811432AE1B}.Release|Any CPU.Build.0 = Release|Any CPU
		{53C802F1-F41D-4D6D-BB05-7333DA691591}.Debug|Any CPU.ActiveCfg = Debug|Any CPU
		{53C802F1-F41D-4D6D-BB05-7333DA691591}.Debug|Any CPU.Build.0 = Debug|Any CPU
		{53C802F1-F41D-4D6D-BB05-7333DA691591}.Release|Any CPU.ActiveCfg = Release|Any CPU
		{53C802F1-F41D-4D6D-BB05-7333DA691591}.Release|Any CPU.Build.0 = Release|Any CPU
		{B136C848-C653-4778-89F4-B5C900B2D0B2}.Debug|Any CPU.ActiveCfg = Debug|Any CPU
		{B136C848-C653-4778-89F4-B5C900B2D0B2}.Debug|Any CPU.Build.0 = Debug|Any CPU
		{B136C848-C653-4778-89F4-B5C900B2D0B2}.Release|Any CPU.ActiveCfg = Release|Any CPU
		{B136C848-C653-4778-89F4-B5C900B2D0B2}.Release|Any CPU.Build.0 = Release|Any CPU
	EndGlobalSection
	GlobalSection(SolutionProperties) = preSolution
		HideSolutionNode = FALSE
	EndGlobalSection
	GlobalSection(ExtensibilityGlobals) = postSolution
		SolutionGuid = {14F44643-7515-4386-ACB5-D4F514A56F56}
	EndGlobalSection
EndGlobal
